# This file is automatically generated by Cargo.
# It has been edited to lock all random dependencies strictly to 0.8.5.
version = 3

[[package]]
name = "autocfg"
version = "1.3.0"
source = "registry+https://github.com/rust-lang/crates.io-index"
checksum = "0c4b4d0bd25bd0b74681c0ad21497610ce1b7c91b1022cd21c80c6fbdd9476b0"

[[package]]
name = "bitflags"
version = "2.6.0"
source = "registry+https://github.com/rust-lang/crates.io-index"
checksum = "b048fb63fd8b5923fc5aa7b340d8e156aec7ec02f0c78fa8a6ddc2613f6f71de"

[[package]]
name = "bytes"
version = "1.6.1"
source = "registry+https://github.com/rust-lang/crates.io-index"
checksum = "a118f3a7dcfb923ac3528b6d85ebbe977c3ddf3219ee54b7fb2eb5b95cd45353"

[[package]]
name = "candle-core"
version = "0.8.2"
source = "registry+https://github.com/rust-lang/crates.io-index"
checksum = "754db1250f24ee41fa86f50b44b823e5361099e2a5edb4e13880a498dc711df7"
dependencies = [
 "half",
 "num-traits",
 "rand",
 "rand_distr",
 "serde",
 "serde_json",
]

[[package]]
name = "candle-nn"
version = "0.8.2"
source = "registry+https://github.com/rust-lang/crates.io-index"
checksum = "3e66bb9a444aa16d80dff0aeb1caae86c476722d37c86a6448e8e7ed30d322ff"
dependencies = [
 "candle-core",
 "num-traits",
 "serde",
]

[[package]]
name = "candle-transformers"
version = "0.8.2"
source = "registry+https://github.com/rust-lang/crates.io-index"
checksum = "2f6a6b8ffcfd8b3d68efeeea964dfb4c48ca620b7ee8edbb3ad596fb63fcf138"
dependencies = [
 "candle-core",
 "candle-nn",
 "serde",
 "serde_json",
]

[[package]]
name = "cfg-if"
version = "1.0.0"
source = "registry+https://github.com/rust-lang/crates.io-index"
checksum = "baf1de4339761588bc0619e3cbc0120ee582ebb74b53b4efbf79117bd2da40fd"

[[package]]
name = "crossterm"
version = "0.27.0"
source = "registry+https://github.com/rust-lang/crates.io-index"
checksum = "f476fe5b2234f3ed703c94d6e944fb0bbfca670831ce8c7283eb05f01e1882d4"
dependencies = [
 "bitflags",
]

[[package]]
name = "directive_x_generator"
version = "1.0.0"
dependencies = [
 "bytes",
 "candle-core",
 "candle-nn",
 "candle-transformers",
 "crossterm",
 "env_logger",
 "futures",
 "log",
 "num-bigint",
 "num-traits",
 "rand",
 "rand_distr",
 "ratatui",
 "rayon",
 "serde",
 "serde_json",
 "tokio",
]

[[package]]
name = "env_logger"
version = "0.11.3"
source = "registry+https://github.com/rust-lang/crates.io-index"
checksum = "38b30f9b6e57772ba05d933390c5c47a5223a411f114c2299596c09dfb7d8be0"
dependencies = [
 "log",
]

[[package]]
name = "futures"
version = "0.3.30"
source = "registry+https://github.com/rust-lang/crates.io-index"
checksum = "3341bd137b770c0f913d80eb8473a2164a30e84c9ecf802f06bd35a228303f25"

[[package]]
name = "getrandom"
version = "0.2.15"
source = "registry+https://github.com/rust-lang/crates.io-index"
checksum = "73c96247ecf9d69613680fe033f2e1a3d3cddfa6c8d76d4948a31362e49c9521"
dependencies = [
 "cfg-if",
 "libc",
 "wasi",
]

[[package]]
name = "half"
version = "2.4.1"
source = "registry+https://github.com/rust-lang/crates.io-index"
checksum = "0d7240c9d968b64b19c2c8f8b8981df98c368d1f7c0d238b6bf31b817812e95a"
dependencies = [
 "cfg-if",
 "rand",
]

[[package]]
name = "libc"
version = "0.2.155"
source = "registry+https://github.com/rust-lang/crates.io-index"
checksum = "97b3888a4aecf77e811145cadf6eef5901f4782c5f354240edf622d1315ce508"

[[package]]
name = "log"
version = "0.4.22"
source = "registry+https://github.com/rust-lang/crates.io-index"
checksum = "a7a70a5d86502457c91979201a91e500732386927a77e52292f7686b2a0c6a58"

[[package]]
name = "num-bigint"
version = "0.4.6"
source = "registry+https://github.com/rust-lang/crates.io-index"
checksum = "a5e44f723f1133c9deac646763579fdb3ac745e418f2a7af9cd0c431da1f20b9"
dependencies = [
 "num-traits",
]

[[package]]
name = "num-traits"
version = "0.2.19"
source = "registry+https://github.com/rust-lang/crates.io-index"
checksum = "07a3b4b3b28800910c2c31043f4c6ae9144458f386d3ebbe5548c4cf37456dcd"
dependencies = [
 "autocfg",
]

[[package]]
name = "ppv-lite86"
version = "0.2.17"
source = "registry+https://github.com/rust-lang/crates.io-index"
checksum = "5b40af805b3121feab8a3c29f04d8ad262fa8e0561883e7653e024ae4479e6de"

[[package]]
name = "rand"
version = "0.8.5"
source = "registry+https://github.com/rust-lang/crates.io-index"
checksum = "34af8d1a0e25924bc5b7c43c079c942339d8f0a8b57c39049bef581b46327404"
dependencies = [
 "libc",
 "rand_chacha",
 "rand_core",
]

[[package]]
name = "rand_chacha"
version = "0.3.1"
source = "registry+https://github.com/rust-lang/crates.io-index"
checksum = "e6c10a63a0fa32252be49d21e7709d4d4baf8d231c2dbce1eaa8141b9b127d88"
dependencies = [
 "ppv-lite86",
 "rand_core",
]

[[package]]
name = "rand_core"
version = "0.6.4"
source = "registry+https://github.com/rust-lang/crates.io-index"
checksum = "ec0be4795e2f6a280f9385731b79417ef1cb6d21e828469c849c7bc29906103c"
dependencies = [
 "getrandom",
]

[[package]]
name = "rand_distr"
version = "0.4.3"
source = "registry+https://github.com/rust-lang/crates.io-index"
checksum = "0cb058d732f4e451302b1f14798e4f1a23e5a3bc3ea361eb002ce761ea94a4c5"
dependencies = [
 "num-traits",
 "rand",
]

[[package]]
name = "ratatui"
version = "0.26.3"
source = "registry+https://github.com/rust-lang/crates.io-index"
checksum = "13f64c6bc96291244e45ef5ef2ee1234907a3c3e606558284ec66ff8eb44df80"
dependencies = [
 "crossterm",
]

[[package]]
name = "rayon"
version = "1.10.0"
source = "registry+https://github.com/rust-lang/crates.io-index"
checksum = "b418a60154510ca1a002a752ca9714984e21e4241e804d32555251faf8b78ffa"

[[package]]
name = "serde"
version = "1.0.203"
source = "registry+https://github.com/rust-lang/crates.io-index"
checksum = "72530a5c072304df9d119672ed7b15a676cbe3aa16a04a0815144b6c38988636"
dependencies = [
 "serde_derive",
]

[[package]]
name = "serde_derive"
version = "1.0.203"
source = "registry+https://github.com/rust-lang/crates.io-index"
checksum = "500302302324e93f92e763f03fce58444cfa068e2f89ed4bf4e8c18221b27670"
dependencies = [
 "proc-macro2",
 "quote",
 "syn",
]

[[package]]
name = "serde_json"
version = "1.0.120"
source = "registry+https://github.com/rust-lang/crates.io-index"
checksum = "4e0d21c9a8cae1235ad58a00c11cb40d4b1e5c784f1ef2c537876ed6ffa8fb63"
dependencies = [
 "serde",
]

[[package]]
name = "tokio"
version = "1.38.0"
source = "registry+https://github.com/rust-lang/crates.io-index"
checksum = "10e640d4ef3223057e937d7c672b1236fb3eb984ffbd67634d0b135c345eb11a"

[[package]]
name = "wasi"
version = "0.11.0+wasi-snapshot-preview1"
source = "registry+https://github.com/rust-lang/crates.io-index"
checksum = "9c8d87e72b64a3b4db28d11ce29237c246188f4f51057d65a7eab63b7987e423"
